
Microsoft Visual Studio Solution File, Format Version 12.00
# Visual Studio Version 17
VisualStudioVersion = 17.4.33110.190
MinimumVisualStudioVersion = 10.0.40219.1
Project("{FAE04EC0-301F-11D3-BF4B-00C04F79EFBC}") = "H5_Nand2Tetris_VMToAssembly", "H5_Nand2Tetris_VMToAssembly\H5_Nand2Tetris_VMToAssembly.csproj", "{0E76F84C-5E9F-401E-A432-6A08BD620943}"
EndProject
Global
	GlobalSection(SolutionConfigurationPlatforms) = preSolution
		Debug|Any CPU = Debug|Any CPU
		Release|Any CPU = Release|Any CPU
	EndGlobalSection
	GlobalSection(ProjectConfigurationPlatforms) = postSolution
		{0E76F84C-5E9F-401E-A432-6A08BD620943}.Debug|Any CPU.ActiveCfg = Debug|Any CPU
		{0E76F84C-5E9F-401E-A432-6A08BD620943}.Debug|Any CPU.Build.0 = Debug|Any CPU
		{0E76F84C-5E9F-401E-A432-6A08BD620943}.Release|Any CPU.ActiveCfg = Release|Any CPU
		{0E76F84C-5E9F-401E-A432-6A08BD620943}.Release|Any CPU.Build.0 = Release|Any CPU
	EndGlobalSection
	GlobalSection(SolutionProperties) = preSolution
		HideSolutionNode = FALSE
	EndGlobalSection
	GlobalSection(ExtensibilityGlobals) = postSolution
		SolutionGuid = {5E890C9A-9952-4905-86BF-57B5D8CCF6A2}
	EndGlobalSection
EndGlobal
